// !$*UTF8*$!
{
	archiveVersion = 1;
	classes = {
	};
	objectVersion = 46;
	objects = {

/* Begin PBXBuildFile section */
		6CB05233293830C90086A390 /* PLCrashNamespace.h in Headers */ = {isa = PBXBuildFile; fileRef = 6CB0521C293830C90086A390 /* PLCrashNamespace.h */; };
		6CB05234293830C90086A390 /* PLCrashFeatureConfig.h in Headers */ = {isa = PBXBuildFile; fileRef = 6CB0521D293830C90086A390 /* PLCrashFeatureConfig.h */; };
		6CB05235293830C90086A390 /* PLCrashReporter.h in Headers */ = {isa = PBXBuildFile; fileRef = 6CB0521E293830C90086A390 /* PLCrashReporter.h */; };
		6CB05236293830C90086A390 /* PLCrashReportRegisterInfo.h in Headers */ = {isa = PBXBuildFile; fileRef = 6CB0521F293830C90086A390 /* PLCrashReportRegisterInfo.h */; };
		6CB05237293830C90086A390 /* PLCrashReportBinaryImageInfo.h in Headers */ = {isa = PBXBuildFile; fileRef = 6CB05220293830C90086A390 /* PLCrashReportBinaryImageInfo.h */; };
		6CB05238293830C90086A390 /* PLCrashReport.h in Headers */ = {isa = PBXBuildFile; fileRef = 6CB05221293830C90086A390 /* PLCrashReport.h */; };
		6CB05239293830C90086A390 /* PLCrashMacros.h in Headers */ = {isa = PBXBuildFile; fileRef = 6CB05222293830C90086A390 /* PLCrashMacros.h */; };
		6CB0523A293830C90086A390 /* PLCrashReporterConfig.h in Headers */ = {isa = PBXBuildFile; fileRef = 6CB05223293830C90086A390 /* PLCrashReporterConfig.h */; };
		6CB0523B293830C90086A390 /* PLCrashReportMachExceptionInfo.h in Headers */ = {isa = PBXBuildFile; fileRef = 6CB05224293830C90086A390 /* PLCrashReportMachExceptionInfo.h */; };
		6CB0523C293830C90086A390 /* PLCrashReportThreadInfo.h in Headers */ = {isa = PBXBuildFile; fileRef = 6CB05225293830C90086A390 /* PLCrashReportThreadInfo.h */; };
		6CB0523D293830C90086A390 /* PLCrashReportStackFrameInfo.h in Headers */ = {isa = PBXBuildFile; fileRef = 6CB05226293830C90086A390 /* PLCrashReportStackFrameInfo.h */; };
		6CB0523E293830C90086A390 /* PLCrashReportSystemInfo.h in Headers */ = {isa = PBXBuildFile; fileRef = 6CB05227293830C90086A390 /* PLCrashReportSystemInfo.h */; };
		6CB0523F293830C90086A390 /* PLCrashReportExceptionInfo.h in Headers */ = {isa = PBXBuildFile; fileRef = 6CB05228293830C90086A390 /* PLCrashReportExceptionInfo.h */; };
		6CB05240293830C90086A390 /* PLCrashReportProcessorInfo.h in Headers */ = {isa = PBXBuildFile; fileRef = 6CB05229293830C90086A390 /* PLCrashReportProcessorInfo.h */; };
		6CB05241293830C90086A390 /* CrashReporter.h in Headers */ = {isa = PBXBuildFile; fileRef = 6CB0522A293830C90086A390 /* CrashReporter.h */; };
		6CB05242293830C90086A390 /* PLCrashReportSignalInfo.h in Headers */ = {isa = PBXBuildFile; fileRef = 6CB0522B293830C90086A390 /* PLCrashReportSignalInfo.h */; };
		6CB05243293830C90086A390 /* PLCrashReportApplicationInfo.h in Headers */ = {isa = PBXBuildFile; fileRef = 6CB0522C293830C90086A390 /* PLCrashReportApplicationInfo.h */; };
		6CB05244293830C90086A390 /* PLCrashReportMachineInfo.h in Headers */ = {isa = PBXBuildFile; fileRef = 6CB0522D293830C90086A390 /* PLCrashReportMachineInfo.h */; };
		6CB05245293830C90086A390 /* PLCrashReportTextFormatter.h in Headers */ = {isa = PBXBuildFile; fileRef = 6CB0522E293830C90086A390 /* PLCrashReportTextFormatter.h */; };
		6CB05246293830C90086A390 /* PLCrashReportFormatter.h in Headers */ = {isa = PBXBuildFile; fileRef = 6CB0522F293830C90086A390 /* PLCrashReportFormatter.h */; };
		6CB05247293830C90086A390 /* PLCrashReportProcessInfo.h in Headers */ = {isa = PBXBuildFile; fileRef = 6CB05230293830C90086A390 /* PLCrashReportProcessInfo.h */; };
		6CB05248293830C90086A390 /* PLCrashReportSymbolInfo.h in Headers */ = {isa = PBXBuildFile; fileRef = 6CB05231293830C90086A390 /* PLCrashReportSymbolInfo.h */; };
		6CB05249293830C90086A390 /* libCrashReporter.a in Frameworks */ = {isa = PBXBuildFile; fileRef = 6CB05232293830C90086A390 /* libCrashReporter.a */; };
		A91E85481E883EAE00C88210 /* BugsplatAttachment.h in Headers */ = {isa = PBXBuildFile; fileRef = A91E85461E883EAE00C88210 /* BugsplatAttachment.h */; settings = {ATTRIBUTES = (Public, ); }; };
		A91E85491E883EAE00C88210 /* BugsplatAttachment.m in Sources */ = {isa = PBXBuildFile; fileRef = A91E85471E883EAE00C88210 /* BugsplatAttachment.m */; };
		A921E3892374F6B5009C6B7E /* BITSystemProfilePrivate.h in Headers */ = {isa = PBXBuildFile; fileRef = A921E3862374F6B5009C6B7E /* BITSystemProfilePrivate.h */; };
		A921E38A2374F6B5009C6B7E /* BITSystemProfile.m in Sources */ = {isa = PBXBuildFile; fileRef = A921E3872374F6B5009C6B7E /* BITSystemProfile.m */; };
		A921E38B2374F6B5009C6B7E /* BITSystemProfile.h in Headers */ = {isa = PBXBuildFile; fileRef = A921E3882374F6B5009C6B7E /* BITSystemProfile.h */; };
		A95B96B91E882BAA00314A10 /* BugsplatStartupManagerDelegate.h in Headers */ = {isa = PBXBuildFile; fileRef = A95B96B81E882BAA00314A10 /* BugsplatStartupManagerDelegate.h */; settings = {ATTRIBUTES = (Public, ); }; };
		A961B08D1C89BDCC004D212F /* upload-archive.sh in Resources */ = {isa = PBXBuildFile; fileRef = A961B08C1C89BDCC004D212F /* upload-archive.sh */; };
		A969D8E22354972E00F0D3C8 /* BITHockeyManager.m in Sources */ = {isa = PBXBuildFile; fileRef = A969D8DF2354972E00F0D3C8 /* BITHockeyManager.m */; };
		A969D8E32354972E00F0D3C8 /* BITHockeyManagerDelegate.h in Headers */ = {isa = PBXBuildFile; fileRef = A969D8E02354972E00F0D3C8 /* BITHockeyManagerDelegate.h */; };
		A969D8E42354972E00F0D3C8 /* BITHockeyManager.h in Headers */ = {isa = PBXBuildFile; fileRef = A969D8E12354972E00F0D3C8 /* BITHockeyManager.h */; };
		A969D9142354974200F0D3C8 /* HockeySDKPrivate.h in Headers */ = {isa = PBXBuildFile; fileRef = A969D8E52354974200F0D3C8 /* HockeySDKPrivate.h */; };
		A969D9152354974200F0D3C8 /* HockeySDKPrivate.m in Sources */ = {isa = PBXBuildFile; fileRef = A969D8E62354974200F0D3C8 /* HockeySDKPrivate.m */; };
		A969D9162354974200F0D3C8 /* HockeySDK.h in Headers */ = {isa = PBXBuildFile; fileRef = A969D8E72354974200F0D3C8 /* HockeySDK.h */; };
		A969D9172354974200F0D3C8 /* BITCrashReportTextFormatter.m in Sources */ = {isa = PBXBuildFile; fileRef = A969D8E92354974200F0D3C8 /* BITCrashReportTextFormatter.m */; };
		A969D9182354974200F0D3C8 /* BITCrashReportUI.m in Sources */ = {isa = PBXBuildFile; fileRef = A969D8EA2354974200F0D3C8 /* BITCrashReportUI.m */; };
		A969D9192354974200F0D3C8 /* BITHockeyAttachment.h in Headers */ = {isa = PBXBuildFile; fileRef = A969D8EB2354974200F0D3C8 /* BITHockeyAttachment.h */; };
		A969D91A2354974200F0D3C8 /* BITCrashMetaData.h in Headers */ = {isa = PBXBuildFile; fileRef = A969D8EC2354974200F0D3C8 /* BITCrashMetaData.h */; };
		A969D91B2354974200F0D3C8 /* BITCrashManager.h in Headers */ = {isa = PBXBuildFile; fileRef = A969D8ED2354974200F0D3C8 /* BITCrashManager.h */; };
		A969D91C2354974200F0D3C8 /* BITCrashDetails.m in Sources */ = {isa = PBXBuildFile; fileRef = A969D8EE2354974200F0D3C8 /* BITCrashDetails.m */; };
		A969D91D2354974200F0D3C8 /* BITCrashCXXExceptionHandler.mm in Sources */ = {isa = PBXBuildFile; fileRef = A969D8EF2354974200F0D3C8 /* BITCrashCXXExceptionHandler.mm */; };
		A969D91E2354974200F0D3C8 /* BITCrashExceptionApplication.h in Headers */ = {isa = PBXBuildFile; fileRef = A969D8F02354974200F0D3C8 /* BITCrashExceptionApplication.h */; };
		A969D91F2354974200F0D3C8 /* BITCrashDetailsPrivate.h in Headers */ = {isa = PBXBuildFile; fileRef = A969D8F12354974200F0D3C8 /* BITCrashDetailsPrivate.h */; };
		A969D9202354974200F0D3C8 /* BITCrashCXXExceptionHandler.h in Headers */ = {isa = PBXBuildFile; fileRef = A969D8F22354974200F0D3C8 /* BITCrashCXXExceptionHandler.h */; };
		A969D9212354974200F0D3C8 /* BITCrashReportTextFormatter.h in Headers */ = {isa = PBXBuildFile; fileRef = A969D8F32354974200F0D3C8 /* BITCrashReportTextFormatter.h */; };
		A969D9222354974200F0D3C8 /* BITCrashReportUI.xib in Resources */ = {isa = PBXBuildFile; fileRef = A969D8F42354974200F0D3C8 /* BITCrashReportUI.xib */; };
		A969D9232354974200F0D3C8 /* BITHockeyAttachment.m in Sources */ = {isa = PBXBuildFile; fileRef = A969D8F52354974200F0D3C8 /* BITHockeyAttachment.m */; };
		A969D9242354974200F0D3C8 /* BITCrashReportUI.h in Headers */ = {isa = PBXBuildFile; fileRef = A969D8F62354974200F0D3C8 /* BITCrashReportUI.h */; };
		A969D9252354974200F0D3C8 /* BITCrashManager.m in Sources */ = {isa = PBXBuildFile; fileRef = A969D8F72354974200F0D3C8 /* BITCrashManager.m */; };
		A969D9262354974200F0D3C8 /* BITCrashMetaData.m in Sources */ = {isa = PBXBuildFile; fileRef = A969D8F82354974200F0D3C8 /* BITCrashMetaData.m */; };
		A969D9272354974200F0D3C8 /* BITCrashReportTextFormatterPrivate.h in Headers */ = {isa = PBXBuildFile; fileRef = A969D8F92354974200F0D3C8 /* BITCrashReportTextFormatterPrivate.h */; };
		A969D9282354974200F0D3C8 /* BITCrashManagerDelegate.h in Headers */ = {isa = PBXBuildFile; fileRef = A969D8FA2354974200F0D3C8 /* BITCrashManagerDelegate.h */; };
		A969D9292354974200F0D3C8 /* BITCrashExceptionApplication.m in Sources */ = {isa = PBXBuildFile; fileRef = A969D8FB2354974200F0D3C8 /* BITCrashExceptionApplication.m */; };
		A969D92A2354974200F0D3C8 /* BITCrashManagerPrivate.h in Headers */ = {isa = PBXBuildFile; fileRef = A969D8FC2354974200F0D3C8 /* BITCrashManagerPrivate.h */; };
		A969D92B2354974200F0D3C8 /* BITCrashDetails.h in Headers */ = {isa = PBXBuildFile; fileRef = A969D8FD2354974200F0D3C8 /* BITCrashDetails.h */; };
		A969D92C2354974200F0D3C8 /* BITHockeyBaseManager.m in Sources */ = {isa = PBXBuildFile; fileRef = A969D8FF2354974200F0D3C8 /* BITHockeyBaseManager.m */; };
		A969D92D2354974200F0D3C8 /* BITSDKTextView.m in Sources */ = {isa = PBXBuildFile; fileRef = A969D9002354974200F0D3C8 /* BITSDKTextView.m */; };
		A969D92E2354974200F0D3C8 /* BITKeychainItem.h in Headers */ = {isa = PBXBuildFile; fileRef = A969D9012354974200F0D3C8 /* BITKeychainItem.h */; };
		A969D92F2354974200F0D3C8 /* BITHockeyHelper.m in Sources */ = {isa = PBXBuildFile; fileRef = A969D9022354974200F0D3C8 /* BITHockeyHelper.m */; };
		A969D9302354974200F0D3C8 /* BITSDKColoredView.m in Sources */ = {isa = PBXBuildFile; fileRef = A969D9032354974200F0D3C8 /* BITSDKColoredView.m */; };
		A969D9312354974200F0D3C8 /* BITHockeyLogger.h in Headers */ = {isa = PBXBuildFile; fileRef = A969D9042354974200F0D3C8 /* BITHockeyLogger.h */; };
		A969D9322354974200F0D3C8 /* BITSDKTextFieldCell.m in Sources */ = {isa = PBXBuildFile; fileRef = A969D9052354974200F0D3C8 /* BITSDKTextFieldCell.m */; };
		A969D9332354974200F0D3C8 /* BITHockeyBaseManagerPrivate.h in Headers */ = {isa = PBXBuildFile; fileRef = A969D9062354974200F0D3C8 /* BITHockeyBaseManagerPrivate.h */; };
		A969D9342354974200F0D3C8 /* BITSDKTextViewDelegate.h in Headers */ = {isa = PBXBuildFile; fileRef = A969D9072354974200F0D3C8 /* BITSDKTextViewDelegate.h */; };
		A969D9352354974200F0D3C8 /* BITHockeyAppClient.h in Headers */ = {isa = PBXBuildFile; fileRef = A969D9082354974200F0D3C8 /* BITHockeyAppClient.h */; };
		A969D9362354974200F0D3C8 /* BITHockeyHelper.h in Headers */ = {isa = PBXBuildFile; fileRef = A969D9092354974200F0D3C8 /* BITHockeyHelper.h */; };
		A969D9372354974200F0D3C8 /* BITKeychainItem.m in Sources */ = {isa = PBXBuildFile; fileRef = A969D90A2354974200F0D3C8 /* BITKeychainItem.m */; };
		A969D9382354974200F0D3C8 /* BITSDKTextView.h in Headers */ = {isa = PBXBuildFile; fileRef = A969D90B2354974200F0D3C8 /* BITSDKTextView.h */; };
		A969D9392354974200F0D3C8 /* BITHockeyBaseManager.h in Headers */ = {isa = PBXBuildFile; fileRef = A969D90C2354974200F0D3C8 /* BITHockeyBaseManager.h */; };
		A969D93A2354974200F0D3C8 /* BITHockeyLoggerPrivate.h in Headers */ = {isa = PBXBuildFile; fileRef = A969D90D2354974200F0D3C8 /* BITHockeyLoggerPrivate.h */; };
		A969D93B2354974200F0D3C8 /* HockeySDKEnums.h in Headers */ = {isa = PBXBuildFile; fileRef = A969D90E2354974200F0D3C8 /* HockeySDKEnums.h */; };
		A969D93C2354974200F0D3C8 /* HockeySDKNullability.h in Headers */ = {isa = PBXBuildFile; fileRef = A969D90F2354974200F0D3C8 /* HockeySDKNullability.h */; };
		A969D93D2354974200F0D3C8 /* BITSDKColoredView.h in Headers */ = {isa = PBXBuildFile; fileRef = A969D9102354974200F0D3C8 /* BITSDKColoredView.h */; };
		A969D93E2354974200F0D3C8 /* BITSDKTextFieldCell.h in Headers */ = {isa = PBXBuildFile; fileRef = A969D9112354974200F0D3C8 /* BITSDKTextFieldCell.h */; };
		A969D93F2354974200F0D3C8 /* BITHockeyLogger.m in Sources */ = {isa = PBXBuildFile; fileRef = A969D9122354974200F0D3C8 /* BITHockeyLogger.m */; };
		A969D9402354974200F0D3C8 /* BITHockeyAppClient.m in Sources */ = {isa = PBXBuildFile; fileRef = A969D9132354974200F0D3C8 /* BITHockeyAppClient.m */; };
		A9A57AA41E58DCC500AE61D8 /* upload-archive-cl.sh in Resources */ = {isa = PBXBuildFile; fileRef = A9A57AA31E58DCC500AE61D8 /* upload-archive-cl.sh */; };
		A9B27F0323BE9FF1002F7DBD /* HockeySDK.strings in Resources */ = {isa = PBXBuildFile; fileRef = A9B27EF723BE9FF1002F7DBD /* HockeySDK.strings */; };
		A9B27F0523BE9FF1002F7DBD /* Images.xcassets in Resources */ = {isa = PBXBuildFile; fileRef = A9B27EFF23BE9FF1002F7DBD /* Images.xcassets */; };
		A9FCA9101C68CF530012D025 /* BugsplatMac.h in Headers */ = {isa = PBXBuildFile; fileRef = A9FCA90F1C68CF530012D025 /* BugsplatMac.h */; settings = {ATTRIBUTES = (Public, ); }; };
		A9FCA9211C68D4BA0012D025 /* BugsplatStartupManager.h in Headers */ = {isa = PBXBuildFile; fileRef = A9FCA91F1C68D4BA0012D025 /* BugsplatStartupManager.h */; settings = {ATTRIBUTES = (Public, ); }; };
		A9FCA9221C68D4BA0012D025 /* BugsplatStartupManager.m in Sources */ = {isa = PBXBuildFile; fileRef = A9FCA9201C68D4BA0012D025 /* BugsplatStartupManager.m */; };
/* End PBXBuildFile section */

/* Begin PBXCopyFilesBuildPhase section */
		A96AE64A255B6A75004F5006 /* Copy Frameworks */ = {
			isa = PBXCopyFilesBuildPhase;
			buildActionMask = 2147483647;
			dstPath = "";
			dstSubfolderSpec = 10;
			files = (
			);
			name = "Copy Frameworks";
			runOnlyForDeploymentPostprocessing = 0;
		};
/* End PBXCopyFilesBuildPhase section */

/* Begin PBXFileReference section */
		6CB0521C293830C90086A390 /* PLCrashNamespace.h */ = {isa = PBXFileReference; fileEncoding = 4; lastKnownFileType = sourcecode.c.h; path = PLCrashNamespace.h; sourceTree = "<group>"; };
		6CB0521D293830C90086A390 /* PLCrashFeatureConfig.h */ = {isa = PBXFileReference; fileEncoding = 4; lastKnownFileType = sourcecode.c.h; path = PLCrashFeatureConfig.h; sourceTree = "<group>"; };
		6CB0521E293830C90086A390 /* PLCrashReporter.h */ = {isa = PBXFileReference; fileEncoding = 4; lastKnownFileType = sourcecode.c.h; path = PLCrashReporter.h; sourceTree = "<group>"; };
		6CB0521F293830C90086A390 /* PLCrashReportRegisterInfo.h */ = {isa = PBXFileReference; fileEncoding = 4; lastKnownFileType = sourcecode.c.h; path = PLCrashReportRegisterInfo.h; sourceTree = "<group>"; };
		6CB05220293830C90086A390 /* PLCrashReportBinaryImageInfo.h */ = {isa = PBXFileReference; fileEncoding = 4; lastKnownFileType = sourcecode.c.h; path = PLCrashReportBinaryImageInfo.h; sourceTree = "<group>"; };
		6CB05221293830C90086A390 /* PLCrashReport.h */ = {isa = PBXFileReference; fileEncoding = 4; lastKnownFileType = sourcecode.c.h; path = PLCrashReport.h; sourceTree = "<group>"; };
		6CB05222293830C90086A390 /* PLCrashMacros.h */ = {isa = PBXFileReference; fileEncoding = 4; lastKnownFileType = sourcecode.c.h; path = PLCrashMacros.h; sourceTree = "<group>"; };
		6CB05223293830C90086A390 /* PLCrashReporterConfig.h */ = {isa = PBXFileReference; fileEncoding = 4; lastKnownFileType = sourcecode.c.h; path = PLCrashReporterConfig.h; sourceTree = "<group>"; };
		6CB05224293830C90086A390 /* PLCrashReportMachExceptionInfo.h */ = {isa = PBXFileReference; fileEncoding = 4; lastKnownFileType = sourcecode.c.h; path = PLCrashReportMachExceptionInfo.h; sourceTree = "<group>"; };
		6CB05225293830C90086A390 /* PLCrashReportThreadInfo.h */ = {isa = PBXFileReference; fileEncoding = 4; lastKnownFileType = sourcecode.c.h; path = PLCrashReportThreadInfo.h; sourceTree = "<group>"; };
		6CB05226293830C90086A390 /* PLCrashReportStackFrameInfo.h */ = {isa = PBXFileReference; fileEncoding = 4; lastKnownFileType = sourcecode.c.h; path = PLCrashReportStackFrameInfo.h; sourceTree = "<group>"; };
		6CB05227293830C90086A390 /* PLCrashReportSystemInfo.h */ = {isa = PBXFileReference; fileEncoding = 4; lastKnownFileType = sourcecode.c.h; path = PLCrashReportSystemInfo.h; sourceTree = "<group>"; };
		6CB05228293830C90086A390 /* PLCrashReportExceptionInfo.h */ = {isa = PBXFileReference; fileEncoding = 4; lastKnownFileType = sourcecode.c.h; path = PLCrashReportExceptionInfo.h; sourceTree = "<group>"; };
		6CB05229293830C90086A390 /* PLCrashReportProcessorInfo.h */ = {isa = PBXFileReference; fileEncoding = 4; lastKnownFileType = sourcecode.c.h; path = PLCrashReportProcessorInfo.h; sourceTree = "<group>"; };
		6CB0522A293830C90086A390 /* CrashReporter.h */ = {isa = PBXFileReference; fileEncoding = 4; lastKnownFileType = sourcecode.c.h; path = CrashReporter.h; sourceTree = "<group>"; };
		6CB0522B293830C90086A390 /* PLCrashReportSignalInfo.h */ = {isa = PBXFileReference; fileEncoding = 4; lastKnownFileType = sourcecode.c.h; path = PLCrashReportSignalInfo.h; sourceTree = "<group>"; };
		6CB0522C293830C90086A390 /* PLCrashReportApplicationInfo.h */ = {isa = PBXFileReference; fileEncoding = 4; lastKnownFileType = sourcecode.c.h; path = PLCrashReportApplicationInfo.h; sourceTree = "<group>"; };
		6CB0522D293830C90086A390 /* PLCrashReportMachineInfo.h */ = {isa = PBXFileReference; fileEncoding = 4; lastKnownFileType = sourcecode.c.h; path = PLCrashReportMachineInfo.h; sourceTree = "<group>"; };
		6CB0522E293830C90086A390 /* PLCrashReportTextFormatter.h */ = {isa = PBXFileReference; fileEncoding = 4; lastKnownFileType = sourcecode.c.h; path = PLCrashReportTextFormatter.h; sourceTree = "<group>"; };
		6CB0522F293830C90086A390 /* PLCrashReportFormatter.h */ = {isa = PBXFileReference; fileEncoding = 4; lastKnownFileType = sourcecode.c.h; path = PLCrashReportFormatter.h; sourceTree = "<group>"; };
		6CB05230293830C90086A390 /* PLCrashReportProcessInfo.h */ = {isa = PBXFileReference; fileEncoding = 4; lastKnownFileType = sourcecode.c.h; path = PLCrashReportProcessInfo.h; sourceTree = "<group>"; };
		6CB05231293830C90086A390 /* PLCrashReportSymbolInfo.h */ = {isa = PBXFileReference; fileEncoding = 4; lastKnownFileType = sourcecode.c.h; path = PLCrashReportSymbolInfo.h; sourceTree = "<group>"; };
		6CB05232293830C90086A390 /* libCrashReporter.a */ = {isa = PBXFileReference; lastKnownFileType = archive.ar; path = libCrashReporter.a; sourceTree = "<group>"; };
		A91E85461E883EAE00C88210 /* BugsplatAttachment.h */ = {isa = PBXFileReference; fileEncoding = 4; lastKnownFileType = sourcecode.c.h; path = BugsplatAttachment.h; sourceTree = "<group>"; };
		A91E85471E883EAE00C88210 /* BugsplatAttachment.m */ = {isa = PBXFileReference; fileEncoding = 4; lastKnownFileType = sourcecode.c.objc; path = BugsplatAttachment.m; sourceTree = "<group>"; };
		A921E3862374F6B5009C6B7E /* BITSystemProfilePrivate.h */ = {isa = PBXFileReference; fileEncoding = 4; lastKnownFileType = sourcecode.c.h; path = BITSystemProfilePrivate.h; sourceTree = "<group>"; };
		A921E3872374F6B5009C6B7E /* BITSystemProfile.m */ = {isa = PBXFileReference; fileEncoding = 4; lastKnownFileType = sourcecode.c.objc; path = BITSystemProfile.m; sourceTree = "<group>"; };
		A921E3882374F6B5009C6B7E /* BITSystemProfile.h */ = {isa = PBXFileReference; fileEncoding = 4; lastKnownFileType = sourcecode.c.h; path = BITSystemProfile.h; sourceTree = "<group>"; };
		A940B4711CA9738900D97621 /* Info.plist */ = {isa = PBXFileReference; fileEncoding = 4; lastKnownFileType = text.plist.xml; path = Info.plist; sourceTree = "<group>"; };
		A95B96B81E882BAA00314A10 /* BugsplatStartupManagerDelegate.h */ = {isa = PBXFileReference; fileEncoding = 4; lastKnownFileType = sourcecode.c.h; path = BugsplatStartupManagerDelegate.h; sourceTree = "<group>"; };
		A961B08C1C89BDCC004D212F /* upload-archive.sh */ = {isa = PBXFileReference; fileEncoding = 4; lastKnownFileType = text.script.sh; name = "upload-archive.sh"; path = "../upload-archive.sh"; sourceTree = "<group>"; };
		A969D8DF2354972E00F0D3C8 /* BITHockeyManager.m */ = {isa = PBXFileReference; fileEncoding = 4; lastKnownFileType = sourcecode.c.objc; path = BITHockeyManager.m; sourceTree = "<group>"; };
		A969D8E02354972E00F0D3C8 /* BITHockeyManagerDelegate.h */ = {isa = PBXFileReference; fileEncoding = 4; lastKnownFileType = sourcecode.c.h; path = BITHockeyManagerDelegate.h; sourceTree = "<group>"; };
		A969D8E12354972E00F0D3C8 /* BITHockeyManager.h */ = {isa = PBXFileReference; fileEncoding = 4; lastKnownFileType = sourcecode.c.h; path = BITHockeyManager.h; sourceTree = "<group>"; };
		A969D8E52354974200F0D3C8 /* HockeySDKPrivate.h */ = {isa = PBXFileReference; fileEncoding = 4; lastKnownFileType = sourcecode.c.h; path = HockeySDKPrivate.h; sourceTree = "<group>"; };
		A969D8E62354974200F0D3C8 /* HockeySDKPrivate.m */ = {isa = PBXFileReference; fileEncoding = 4; lastKnownFileType = sourcecode.c.objc; path = HockeySDKPrivate.m; sourceTree = "<group>"; };
		A969D8E72354974200F0D3C8 /* HockeySDK.h */ = {isa = PBXFileReference; fileEncoding = 4; lastKnownFileType = sourcecode.c.h; path = HockeySDK.h; sourceTree = "<group>"; };
		A969D8E92354974200F0D3C8 /* BITCrashReportTextFormatter.m */ = {isa = PBXFileReference; fileEncoding = 4; lastKnownFileType = sourcecode.c.objc; path = BITCrashReportTextFormatter.m; sourceTree = "<group>"; };
		A969D8EA2354974200F0D3C8 /* BITCrashReportUI.m */ = {isa = PBXFileReference; fileEncoding = 4; lastKnownFileType = sourcecode.c.objc; path = BITCrashReportUI.m; sourceTree = "<group>"; };
		A969D8EB2354974200F0D3C8 /* BITHockeyAttachment.h */ = {isa = PBXFileReference; fileEncoding = 4; lastKnownFileType = sourcecode.c.h; path = BITHockeyAttachment.h; sourceTree = "<group>"; };
		A969D8EC2354974200F0D3C8 /* BITCrashMetaData.h */ = {isa = PBXFileReference; fileEncoding = 4; lastKnownFileType = sourcecode.c.h; path = BITCrashMetaData.h; sourceTree = "<group>"; };
		A969D8ED2354974200F0D3C8 /* BITCrashManager.h */ = {isa = PBXFileReference; fileEncoding = 4; lastKnownFileType = sourcecode.c.h; path = BITCrashManager.h; sourceTree = "<group>"; };
		A969D8EE2354974200F0D3C8 /* BITCrashDetails.m */ = {isa = PBXFileReference; fileEncoding = 4; lastKnownFileType = sourcecode.c.objc; path = BITCrashDetails.m; sourceTree = "<group>"; };
		A969D8EF2354974200F0D3C8 /* BITCrashCXXExceptionHandler.mm */ = {isa = PBXFileReference; fileEncoding = 4; lastKnownFileType = sourcecode.cpp.objcpp; path = BITCrashCXXExceptionHandler.mm; sourceTree = "<group>"; };
		A969D8F02354974200F0D3C8 /* BITCrashExceptionApplication.h */ = {isa = PBXFileReference; fileEncoding = 4; lastKnownFileType = sourcecode.c.h; path = BITCrashExceptionApplication.h; sourceTree = "<group>"; };
		A969D8F12354974200F0D3C8 /* BITCrashDetailsPrivate.h */ = {isa = PBXFileReference; fileEncoding = 4; lastKnownFileType = sourcecode.c.h; path = BITCrashDetailsPrivate.h; sourceTree = "<group>"; };
		A969D8F22354974200F0D3C8 /* BITCrashCXXExceptionHandler.h */ = {isa = PBXFileReference; fileEncoding = 4; lastKnownFileType = sourcecode.c.h; path = BITCrashCXXExceptionHandler.h; sourceTree = "<group>"; };
		A969D8F32354974200F0D3C8 /* BITCrashReportTextFormatter.h */ = {isa = PBXFileReference; fileEncoding = 4; lastKnownFileType = sourcecode.c.h; path = BITCrashReportTextFormatter.h; sourceTree = "<group>"; };
		A969D8F42354974200F0D3C8 /* BITCrashReportUI.xib */ = {isa = PBXFileReference; fileEncoding = 4; lastKnownFileType = file.xib; path = BITCrashReportUI.xib; sourceTree = "<group>"; };
		A969D8F52354974200F0D3C8 /* BITHockeyAttachment.m */ = {isa = PBXFileReference; fileEncoding = 4; lastKnownFileType = sourcecode.c.objc; path = BITHockeyAttachment.m; sourceTree = "<group>"; };
		A969D8F62354974200F0D3C8 /* BITCrashReportUI.h */ = {isa = PBXFileReference; fileEncoding = 4; lastKnownFileType = sourcecode.c.h; path = BITCrashReportUI.h; sourceTree = "<group>"; };
		A969D8F72354974200F0D3C8 /* BITCrashManager.m */ = {isa = PBXFileReference; fileEncoding = 4; lastKnownFileType = sourcecode.c.objc; path = BITCrashManager.m; sourceTree = "<group>"; };
		A969D8F82354974200F0D3C8 /* BITCrashMetaData.m */ = {isa = PBXFileReference; fileEncoding = 4; lastKnownFileType = sourcecode.c.objc; path = BITCrashMetaData.m; sourceTree = "<group>"; };
		A969D8F92354974200F0D3C8 /* BITCrashReportTextFormatterPrivate.h */ = {isa = PBXFileReference; fileEncoding = 4; lastKnownFileType = sourcecode.c.h; path = BITCrashReportTextFormatterPrivate.h; sourceTree = "<group>"; };
		A969D8FA2354974200F0D3C8 /* BITCrashManagerDelegate.h */ = {isa = PBXFileReference; fileEncoding = 4; lastKnownFileType = sourcecode.c.h; path = BITCrashManagerDelegate.h; sourceTree = "<group>"; };
		A969D8FB2354974200F0D3C8 /* BITCrashExceptionApplication.m */ = {isa = PBXFileReference; fileEncoding = 4; lastKnownFileType = sourcecode.c.objc; path = BITCrashExceptionApplication.m; sourceTree = "<group>"; };
		A969D8FC2354974200F0D3C8 /* BITCrashManagerPrivate.h */ = {isa = PBXFileReference; fileEncoding = 4; lastKnownFileType = sourcecode.c.h; path = BITCrashManagerPrivate.h; sourceTree = "<group>"; };
		A969D8FD2354974200F0D3C8 /* BITCrashDetails.h */ = {isa = PBXFileReference; fileEncoding = 4; lastKnownFileType = sourcecode.c.h; path = BITCrashDetails.h; sourceTree = "<group>"; };
		A969D8FF2354974200F0D3C8 /* BITHockeyBaseManager.m */ = {isa = PBXFileReference; fileEncoding = 4; lastKnownFileType = sourcecode.c.objc; path = BITHockeyBaseManager.m; sourceTree = "<group>"; };
		A969D9002354974200F0D3C8 /* BITSDKTextView.m */ = {isa = PBXFileReference; fileEncoding = 4; lastKnownFileType = sourcecode.c.objc; path = BITSDKTextView.m; sourceTree = "<group>"; };
		A969D9012354974200F0D3C8 /* BITKeychainItem.h */ = {isa = PBXFileReference; fileEncoding = 4; lastKnownFileType = sourcecode.c.h; path = BITKeychainItem.h; sourceTree = "<group>"; };
		A969D9022354974200F0D3C8 /* BITHockeyHelper.m */ = {isa = PBXFileReference; fileEncoding = 4; lastKnownFileType = sourcecode.c.objc; path = BITHockeyHelper.m; sourceTree = "<group>"; };
		A969D9032354974200F0D3C8 /* BITSDKColoredView.m */ = {isa = PBXFileReference; fileEncoding = 4; lastKnownFileType = sourcecode.c.objc; path = BITSDKColoredView.m; sourceTree = "<group>"; };
		A969D9042354974200F0D3C8 /* BITHockeyLogger.h */ = {isa = PBXFileReference; fileEncoding = 4; lastKnownFileType = sourcecode.c.h; path = BITHockeyLogger.h; sourceTree = "<group>"; };
		A969D9052354974200F0D3C8 /* BITSDKTextFieldCell.m */ = {isa = PBXFileReference; fileEncoding = 4; lastKnownFileType = sourcecode.c.objc; path = BITSDKTextFieldCell.m; sourceTree = "<group>"; };
		A969D9062354974200F0D3C8 /* BITHockeyBaseManagerPrivate.h */ = {isa = PBXFileReference; fileEncoding = 4; lastKnownFileType = sourcecode.c.h; path = BITHockeyBaseManagerPrivate.h; sourceTree = "<group>"; };
		A969D9072354974200F0D3C8 /* BITSDKTextViewDelegate.h */ = {isa = PBXFileReference; fileEncoding = 4; lastKnownFileType = sourcecode.c.h; path = BITSDKTextViewDelegate.h; sourceTree = "<group>"; };
		A969D9082354974200F0D3C8 /* BITHockeyAppClient.h */ = {isa = PBXFileReference; fileEncoding = 4; lastKnownFileType = sourcecode.c.h; path = BITHockeyAppClient.h; sourceTree = "<group>"; };
		A969D9092354974200F0D3C8 /* BITHockeyHelper.h */ = {isa = PBXFileReference; fileEncoding = 4; lastKnownFileType = sourcecode.c.h; path = BITHockeyHelper.h; sourceTree = "<group>"; };
		A969D90A2354974200F0D3C8 /* BITKeychainItem.m */ = {isa = PBXFileReference; fileEncoding = 4; lastKnownFileType = sourcecode.c.objc; path = BITKeychainItem.m; sourceTree = "<group>"; };
		A969D90B2354974200F0D3C8 /* BITSDKTextView.h */ = {isa = PBXFileReference; fileEncoding = 4; lastKnownFileType = sourcecode.c.h; path = BITSDKTextView.h; sourceTree = "<group>"; };
		A969D90C2354974200F0D3C8 /* BITHockeyBaseManager.h */ = {isa = PBXFileReference; fileEncoding = 4; lastKnownFileType = sourcecode.c.h; path = BITHockeyBaseManager.h; sourceTree = "<group>"; };
		A969D90D2354974200F0D3C8 /* BITHockeyLoggerPrivate.h */ = {isa = PBXFileReference; fileEncoding = 4; lastKnownFileType = sourcecode.c.h; path = BITHockeyLoggerPrivate.h; sourceTree = "<group>"; };
		A969D90E2354974200F0D3C8 /* HockeySDKEnums.h */ = {isa = PBXFileReference; fileEncoding = 4; lastKnownFileType = sourcecode.c.h; path = HockeySDKEnums.h; sourceTree = "<group>"; };
		A969D90F2354974200F0D3C8 /* HockeySDKNullability.h */ = {isa = PBXFileReference; fileEncoding = 4; lastKnownFileType = sourcecode.c.h; path = HockeySDKNullability.h; sourceTree = "<group>"; };
		A969D9102354974200F0D3C8 /* BITSDKColoredView.h */ = {isa = PBXFileReference; fileEncoding = 4; lastKnownFileType = sourcecode.c.h; path = BITSDKColoredView.h; sourceTree = "<group>"; };
		A969D9112354974200F0D3C8 /* BITSDKTextFieldCell.h */ = {isa = PBXFileReference; fileEncoding = 4; lastKnownFileType = sourcecode.c.h; path = BITSDKTextFieldCell.h; sourceTree = "<group>"; };
		A969D9122354974200F0D3C8 /* BITHockeyLogger.m */ = {isa = PBXFileReference; fileEncoding = 4; lastKnownFileType = sourcecode.c.objc; path = BITHockeyLogger.m; sourceTree = "<group>"; };
		A969D9132354974200F0D3C8 /* BITHockeyAppClient.m */ = {isa = PBXFileReference; fileEncoding = 4; lastKnownFileType = sourcecode.c.objc; path = BITHockeyAppClient.m; sourceTree = "<group>"; };
		A9A57AA31E58DCC500AE61D8 /* upload-archive-cl.sh */ = {isa = PBXFileReference; fileEncoding = 4; lastKnownFileType = text.script.sh; path = "upload-archive-cl.sh"; sourceTree = SOURCE_ROOT; };
		A9B27EF423BE9CD3002F7DBD /* buildnumber.xcconfig */ = {isa = PBXFileReference; fileEncoding = 4; lastKnownFileType = text.xcconfig; path = buildnumber.xcconfig; sourceTree = "<group>"; };
		A9B27EF823BE9FF1002F7DBD /* de */ = {isa = PBXFileReference; lastKnownFileType = text.plist.strings; name = de; path = de.lproj/HockeySDK.strings; sourceTree = "<group>"; };
		A9B27EF923BE9FF1002F7DBD /* ja */ = {isa = PBXFileReference; lastKnownFileType = text.plist.strings; name = ja; path = ja.lproj/HockeySDK.strings; sourceTree = "<group>"; };
		A9B27EFA23BE9FF1002F7DBD /* en */ = {isa = PBXFileReference; lastKnownFileType = text.plist.strings; name = en; path = en.lproj/HockeySDK.strings; sourceTree = "<group>"; };
		A9B27EFB23BE9FF1002F7DBD /* nb */ = {isa = PBXFileReference; lastKnownFileType = text.plist.strings; name = nb; path = nb.lproj/HockeySDK.strings; sourceTree = "<group>"; };
		A9B27EFC23BE9FF1002F7DBD /* it */ = {isa = PBXFileReference; lastKnownFileType = text.plist.strings; name = it; path = it.lproj/HockeySDK.strings; sourceTree = "<group>"; };
		A9B27EFE23BE9FF1002F7DBD /* sv */ = {isa = PBXFileReference; lastKnownFileType = text.plist.strings; name = sv; path = sv.lproj/HockeySDK.strings; sourceTree = "<group>"; };
		A9B27EFF23BE9FF1002F7DBD /* Images.xcassets */ = {isa = PBXFileReference; lastKnownFileType = folder.assetcatalog; path = Images.xcassets; sourceTree = "<group>"; };
		A9B27F0023BE9FF1002F7DBD /* fr */ = {isa = PBXFileReference; lastKnownFileType = text.plist.strings; name = fr; path = fr.lproj/HockeySDK.strings; sourceTree = "<group>"; };
		A9B27F0123BE9FF1002F7DBD /* fi */ = {isa = PBXFileReference; lastKnownFileType = text.plist.strings; name = fi; path = fi.lproj/HockeySDK.strings; sourceTree = "<group>"; };
		A9CBBB511D11BA8100972398 /* README.md */ = {isa = PBXFileReference; fileEncoding = 4; lastKnownFileType = net.daringfireball.markdown; path = README.md; sourceTree = "<group>"; };
		A9FCA90C1C68CF530012D025 /* BugsplatMac.framework */ = {isa = PBXFileReference; explicitFileType = wrapper.framework; includeInIndex = 0; path = BugsplatMac.framework; sourceTree = BUILT_PRODUCTS_DIR; };
		A9FCA90F1C68CF530012D025 /* BugsplatMac.h */ = {isa = PBXFileReference; lastKnownFileType = sourcecode.c.h; path = BugsplatMac.h; sourceTree = "<group>"; };
		A9FCA91F1C68D4BA0012D025 /* BugsplatStartupManager.h */ = {isa = PBXFileReference; fileEncoding = 4; lastKnownFileType = sourcecode.c.h; path = BugsplatStartupManager.h; sourceTree = "<group>"; };
		A9FCA9201C68D4BA0012D025 /* BugsplatStartupManager.m */ = {isa = PBXFileReference; fileEncoding = 4; lastKnownFileType = sourcecode.c.objc; path = BugsplatStartupManager.m; sourceTree = "<group>"; };
/* End PBXFileReference section */

/* Begin PBXFrameworksBuildPhase section */
		A9FCA9081C68CF530012D025 /* Frameworks */ = {
			isa = PBXFrameworksBuildPhase;
			buildActionMask = 2147483647;
			files = (
				6CB05249293830C90086A390 /* libCrashReporter.a in Frameworks */,
			);
			runOnlyForDeploymentPostprocessing = 0;
		};
/* End PBXFrameworksBuildPhase section */

/* Begin PBXGroup section */
		6CB0521B293830C90086A390 /* include */ = {
			isa = PBXGroup;
			children = (
				6CB0521C293830C90086A390 /* PLCrashNamespace.h */,
				6CB0521D293830C90086A390 /* PLCrashFeatureConfig.h */,
				6CB0521E293830C90086A390 /* PLCrashReporter.h */,
				6CB0521F293830C90086A390 /* PLCrashReportRegisterInfo.h */,
				6CB05220293830C90086A390 /* PLCrashReportBinaryImageInfo.h */,
				6CB05221293830C90086A390 /* PLCrashReport.h */,
				6CB05222293830C90086A390 /* PLCrashMacros.h */,
				6CB05223293830C90086A390 /* PLCrashReporterConfig.h */,
				6CB05224293830C90086A390 /* PLCrashReportMachExceptionInfo.h */,
				6CB05225293830C90086A390 /* PLCrashReportThreadInfo.h */,
				6CB05226293830C90086A390 /* PLCrashReportStackFrameInfo.h */,
				6CB05227293830C90086A390 /* PLCrashReportSystemInfo.h */,
				6CB05228293830C90086A390 /* PLCrashReportExceptionInfo.h */,
				6CB05229293830C90086A390 /* PLCrashReportProcessorInfo.h */,
				6CB0522A293830C90086A390 /* CrashReporter.h */,
				6CB0522B293830C90086A390 /* PLCrashReportSignalInfo.h */,
				6CB0522C293830C90086A390 /* PLCrashReportApplicationInfo.h */,
				6CB0522D293830C90086A390 /* PLCrashReportMachineInfo.h */,
				6CB0522E293830C90086A390 /* PLCrashReportTextFormatter.h */,
				6CB0522F293830C90086A390 /* PLCrashReportFormatter.h */,
				6CB05230293830C90086A390 /* PLCrashReportProcessInfo.h */,
				6CB05231293830C90086A390 /* PLCrashReportSymbolInfo.h */,
			);
			path = include;
			sourceTree = "<group>";
		};
		A921E3852374F6B5009C6B7E /* BetaDistribution */ = {
			isa = PBXGroup;
			children = (
				A921E3862374F6B5009C6B7E /* BITSystemProfilePrivate.h */,
				A921E3882374F6B5009C6B7E /* BITSystemProfile.h */,
				A921E3872374F6B5009C6B7E /* BITSystemProfile.m */,
			);
			path = BetaDistribution;
			sourceTree = "<group>";
		};
		A940B4701CA9738900D97621 /* Supporting */ = {
			isa = PBXGroup;
			children = (
				A940B4711CA9738900D97621 /* Info.plist */,
				A9B27EF423BE9CD3002F7DBD /* buildnumber.xcconfig */,
			);
			path = Supporting;
			sourceTree = "<group>";
		};
		A969D8DD235496F000F0D3C8 /* Vendor */ = {
			isa = PBXGroup;
			children = (
				A969D9412354976400F0D3C8 /* PLCrashReporter */,
				A969D8DE2354971000F0D3C8 /* Hockey */,
			);
			path = Vendor;
			sourceTree = "<group>";
		};
		A969D8DE2354971000F0D3C8 /* Hockey */ = {
			isa = PBXGroup;
			children = (
				A921E3852374F6B5009C6B7E /* BetaDistribution */,
				A969D8E82354974200F0D3C8 /* CrashReporting */,
				A9B27EF623BE9FF1002F7DBD /* Resources */,
				A969D8FE2354974200F0D3C8 /* Helper */,
				A969D8E72354974200F0D3C8 /* HockeySDK.h */,
				A969D8E52354974200F0D3C8 /* HockeySDKPrivate.h */,
				A969D8E62354974200F0D3C8 /* HockeySDKPrivate.m */,
				A969D8E12354972E00F0D3C8 /* BITHockeyManager.h */,
				A969D8DF2354972E00F0D3C8 /* BITHockeyManager.m */,
				A969D8E02354972E00F0D3C8 /* BITHockeyManagerDelegate.h */,
			);
			path = Hockey;
			sourceTree = "<group>";
		};
		A969D8E82354974200F0D3C8 /* CrashReporting */ = {
			isa = PBXGroup;
			children = (
				A969D8F92354974200F0D3C8 /* BITCrashReportTextFormatterPrivate.h */,
				A969D8F32354974200F0D3C8 /* BITCrashReportTextFormatter.h */,
				A969D8E92354974200F0D3C8 /* BITCrashReportTextFormatter.m */,
				A969D8F62354974200F0D3C8 /* BITCrashReportUI.h */,
				A969D8EA2354974200F0D3C8 /* BITCrashReportUI.m */,
				A969D8F42354974200F0D3C8 /* BITCrashReportUI.xib */,
				A969D8F12354974200F0D3C8 /* BITCrashDetailsPrivate.h */,
				A969D8FD2354974200F0D3C8 /* BITCrashDetails.h */,
				A969D8EE2354974200F0D3C8 /* BITCrashDetails.m */,
				A969D8F22354974200F0D3C8 /* BITCrashCXXExceptionHandler.h */,
				A969D8EF2354974200F0D3C8 /* BITCrashCXXExceptionHandler.mm */,
				A969D8F02354974200F0D3C8 /* BITCrashExceptionApplication.h */,
				A969D8FB2354974200F0D3C8 /* BITCrashExceptionApplication.m */,
				A969D8EB2354974200F0D3C8 /* BITHockeyAttachment.h */,
				A969D8F52354974200F0D3C8 /* BITHockeyAttachment.m */,
				A969D8FC2354974200F0D3C8 /* BITCrashManagerPrivate.h */,
				A969D8ED2354974200F0D3C8 /* BITCrashManager.h */,
				A969D8F72354974200F0D3C8 /* BITCrashManager.m */,
				A969D8EC2354974200F0D3C8 /* BITCrashMetaData.h */,
				A969D8F82354974200F0D3C8 /* BITCrashMetaData.m */,
				A969D8FA2354974200F0D3C8 /* BITCrashManagerDelegate.h */,
			);
			path = CrashReporting;
			sourceTree = "<group>";
		};
		A969D8FE2354974200F0D3C8 /* Helper */ = {
			isa = PBXGroup;
			children = (
				A969D9062354974200F0D3C8 /* BITHockeyBaseManagerPrivate.h */,
				A969D90C2354974200F0D3C8 /* BITHockeyBaseManager.h */,
				A969D8FF2354974200F0D3C8 /* BITHockeyBaseManager.m */,
				A969D9112354974200F0D3C8 /* BITSDKTextFieldCell.h */,
				A969D9052354974200F0D3C8 /* BITSDKTextFieldCell.m */,
				A969D9072354974200F0D3C8 /* BITSDKTextViewDelegate.h */,
				A969D90B2354974200F0D3C8 /* BITSDKTextView.h */,
				A969D9002354974200F0D3C8 /* BITSDKTextView.m */,
				A969D9012354974200F0D3C8 /* BITKeychainItem.h */,
				A969D90A2354974200F0D3C8 /* BITKeychainItem.m */,
				A969D9092354974200F0D3C8 /* BITHockeyHelper.h */,
				A969D9022354974200F0D3C8 /* BITHockeyHelper.m */,
				A969D9102354974200F0D3C8 /* BITSDKColoredView.h */,
				A969D9032354974200F0D3C8 /* BITSDKColoredView.m */,
				A969D9042354974200F0D3C8 /* BITHockeyLogger.h */,
				A969D9122354974200F0D3C8 /* BITHockeyLogger.m */,
				A969D9082354974200F0D3C8 /* BITHockeyAppClient.h */,
				A969D9132354974200F0D3C8 /* BITHockeyAppClient.m */,
				A969D90D2354974200F0D3C8 /* BITHockeyLoggerPrivate.h */,
				A969D90E2354974200F0D3C8 /* HockeySDKEnums.h */,
				A969D90F2354974200F0D3C8 /* HockeySDKNullability.h */,
			);
			path = Helper;
			sourceTree = "<group>";
		};
		A969D9412354976400F0D3C8 /* PLCrashReporter */ = {
			isa = PBXGroup;
			children = (
				6CB0521B293830C90086A390 /* include */,
				6CB05232293830C90086A390 /* libCrashReporter.a */,
			);
			path = PLCrashReporter;
			sourceTree = "<group>";
		};
		A9B27EF623BE9FF1002F7DBD /* Resources */ = {
			isa = PBXGroup;
			children = (
				A9B27EF723BE9FF1002F7DBD /* HockeySDK.strings */,
				A9B27EFF23BE9FF1002F7DBD /* Images.xcassets */,
			);
			path = Resources;
			sourceTree = "<group>";
		};
		A9FCA9021C68CF530012D025 = {
			isa = PBXGroup;
			children = (
				A9CBBB511D11BA8100972398 /* README.md */,
				A9FCA90E1C68CF530012D025 /* BugsplatMac */,
				A940B4701CA9738900D97621 /* Supporting */,
				A9FCA90D1C68CF530012D025 /* Products */,
			);
			sourceTree = "<group>";
		};
		A9FCA90D1C68CF530012D025 /* Products */ = {
			isa = PBXGroup;
			children = (
				A9FCA90C1C68CF530012D025 /* BugsplatMac.framework */,
			);
			name = Products;
			sourceTree = "<group>";
		};
		A9FCA90E1C68CF530012D025 /* BugsplatMac */ = {
			isa = PBXGroup;
			children = (
				A9FCA90F1C68CF530012D025 /* BugsplatMac.h */,
				A9FCA91F1C68D4BA0012D025 /* BugsplatStartupManager.h */,
				A9FCA9201C68D4BA0012D025 /* BugsplatStartupManager.m */,
				A95B96B81E882BAA00314A10 /* BugsplatStartupManagerDelegate.h */,
				A91E85461E883EAE00C88210 /* BugsplatAttachment.h */,
				A91E85471E883EAE00C88210 /* BugsplatAttachment.m */,
				A961B08C1C89BDCC004D212F /* upload-archive.sh */,
				A9A57AA31E58DCC500AE61D8 /* upload-archive-cl.sh */,
				A969D8DD235496F000F0D3C8 /* Vendor */,
			);
			path = BugsplatMac;
			sourceTree = "<group>";
		};
/* End PBXGroup section */

/* Begin PBXHeadersBuildPhase section */
		A9FCA9091C68CF530012D025 /* Headers */ = {
			isa = PBXHeadersBuildPhase;
			buildActionMask = 2147483647;
			files = (
				A969D9332354974200F0D3C8 /* BITHockeyBaseManagerPrivate.h in Headers */,
				6CB05240293830C90086A390 /* PLCrashReportProcessorInfo.h in Headers */,
				A969D9192354974200F0D3C8 /* BITHockeyAttachment.h in Headers */,
				A969D92B2354974200F0D3C8 /* BITCrashDetails.h in Headers */,
				A921E3892374F6B5009C6B7E /* BITSystemProfilePrivate.h in Headers */,
				A969D9202354974200F0D3C8 /* BITCrashCXXExceptionHandler.h in Headers */,
				A969D92A2354974200F0D3C8 /* BITCrashManagerPrivate.h in Headers */,
				6CB0523A293830C90086A390 /* PLCrashReporterConfig.h in Headers */,
				6CB05233293830C90086A390 /* PLCrashNamespace.h in Headers */,
				A969D9242354974200F0D3C8 /* BITCrashReportUI.h in Headers */,
				A969D9382354974200F0D3C8 /* BITSDKTextView.h in Headers */,
				6CB05241293830C90086A390 /* CrashReporter.h in Headers */,
				6CB05245293830C90086A390 /* PLCrashReportTextFormatter.h in Headers */,
				6CB05234293830C90086A390 /* PLCrashFeatureConfig.h in Headers */,
				A969D93C2354974200F0D3C8 /* HockeySDKNullability.h in Headers */,
				A969D91A2354974200F0D3C8 /* BITCrashMetaData.h in Headers */,
				A969D91B2354974200F0D3C8 /* BITCrashManager.h in Headers */,
				6CB05239293830C90086A390 /* PLCrashMacros.h in Headers */,
				A921E38B2374F6B5009C6B7E /* BITSystemProfile.h in Headers */,
				A969D93E2354974200F0D3C8 /* BITSDKTextFieldCell.h in Headers */,
				6CB05238293830C90086A390 /* PLCrashReport.h in Headers */,
				A969D9312354974200F0D3C8 /* BITHockeyLogger.h in Headers */,
				A969D92E2354974200F0D3C8 /* BITKeychainItem.h in Headers */,
				A969D9342354974200F0D3C8 /* BITSDKTextViewDelegate.h in Headers */,
				A969D93D2354974200F0D3C8 /* BITSDKColoredView.h in Headers */,
				6CB0523F293830C90086A390 /* PLCrashReportExceptionInfo.h in Headers */,
				6CB0523B293830C90086A390 /* PLCrashReportMachExceptionInfo.h in Headers */,
				A969D93A2354974200F0D3C8 /* BITHockeyLoggerPrivate.h in Headers */,
				6CB05247293830C90086A390 /* PLCrashReportProcessInfo.h in Headers */,
				A969D91E2354974200F0D3C8 /* BITCrashExceptionApplication.h in Headers */,
				6CB05248293830C90086A390 /* PLCrashReportSymbolInfo.h in Headers */,
				A9FCA9211C68D4BA0012D025 /* BugsplatStartupManager.h in Headers */,
				A969D9142354974200F0D3C8 /* HockeySDKPrivate.h in Headers */,
				6CB0523E293830C90086A390 /* PLCrashReportSystemInfo.h in Headers */,
				A91E85481E883EAE00C88210 /* BugsplatAttachment.h in Headers */,
				A969D93B2354974200F0D3C8 /* HockeySDKEnums.h in Headers */,
				6CB05244293830C90086A390 /* PLCrashReportMachineInfo.h in Headers */,
				6CB05237293830C90086A390 /* PLCrashReportBinaryImageInfo.h in Headers */,
				A969D9392354974200F0D3C8 /* BITHockeyBaseManager.h in Headers */,
				6CB0523D293830C90086A390 /* PLCrashReportStackFrameInfo.h in Headers */,
				A969D8E32354972E00F0D3C8 /* BITHockeyManagerDelegate.h in Headers */,
				6CB05243293830C90086A390 /* PLCrashReportApplicationInfo.h in Headers */,
				A969D8E42354972E00F0D3C8 /* BITHockeyManager.h in Headers */,
				6CB05236293830C90086A390 /* PLCrashReportRegisterInfo.h in Headers */,
				A969D9352354974200F0D3C8 /* BITHockeyAppClient.h in Headers */,
				6CB05235293830C90086A390 /* PLCrashReporter.h in Headers */,
				A969D9282354974200F0D3C8 /* BITCrashManagerDelegate.h in Headers */,
				6CB0523C293830C90086A390 /* PLCrashReportThreadInfo.h in Headers */,
				A969D9362354974200F0D3C8 /* BITHockeyHelper.h in Headers */,
				A969D9272354974200F0D3C8 /* BITCrashReportTextFormatterPrivate.h in Headers */,
				A95B96B91E882BAA00314A10 /* BugsplatStartupManagerDelegate.h in Headers */,
				6CB05242293830C90086A390 /* PLCrashReportSignalInfo.h in Headers */,
				A969D91F2354974200F0D3C8 /* BITCrashDetailsPrivate.h in Headers */,
				6CB05246293830C90086A390 /* PLCrashReportFormatter.h in Headers */,
				A969D9162354974200F0D3C8 /* HockeySDK.h in Headers */,
				A9FCA9101C68CF530012D025 /* BugsplatMac.h in Headers */,
				A969D9212354974200F0D3C8 /* BITCrashReportTextFormatter.h in Headers */,
			);
			runOnlyForDeploymentPostprocessing = 0;
		};
/* End PBXHeadersBuildPhase section */

/* Begin PBXNativeTarget section */
		A9FCA90B1C68CF530012D025 /* BugsplatMac */ = {
			isa = PBXNativeTarget;
			buildConfigurationList = A9FCA9141C68CF530012D025 /* Build configuration list for PBXNativeTarget "BugsplatMac" */;
			buildPhases = (
				A9FCA9071C68CF530012D025 /* Sources */,
				A9FCA9081C68CF530012D025 /* Frameworks */,
				A9FCA9091C68CF530012D025 /* Headers */,
				A9FCA90A1C68CF530012D025 /* Resources */,
				A96AE64A255B6A75004F5006 /* Copy Frameworks */,
			);
			buildRules = (
			);
			dependencies = (
			);
			name = BugsplatMac;
			productName = Bugsplat;
			productReference = A9FCA90C1C68CF530012D025 /* BugsplatMac.framework */;
			productType = "com.apple.product-type.framework";
		};
/* End PBXNativeTarget section */

/* Begin PBXProject section */
		A9FCA9031C68CF530012D025 /* Project object */ = {
			isa = PBXProject;
			attributes = {
				LastUpgradeCheck = 1220;
				ORGANIZATIONNAME = Bugsplat;
				TargetAttributes = {
					A9FCA90B1C68CF530012D025 = {
						CreatedOnToolsVersion = 7.2.1;
					};
				};
			};
			buildConfigurationList = A9FCA9061C68CF530012D025 /* Build configuration list for PBXProject "BugsplatMac" */;
			compatibilityVersion = "Xcode 3.2";
			developmentRegion = en;
			hasScannedForEncodings = 0;
			knownRegions = (
				en,
				Base,
				de,
				ja,
				nb,
				it,
				sv,
				fr,
				fi,
			);
			mainGroup = A9FCA9021C68CF530012D025;
			productRefGroup = A9FCA90D1C68CF530012D025 /* Products */;
			projectDirPath = "";
			projectRoot = "";
			targets = (
				A9FCA90B1C68CF530012D025 /* BugsplatMac */,
			);
		};
/* End PBXProject section */

/* Begin PBXResourcesBuildPhase section */
		A9FCA90A1C68CF530012D025 /* Resources */ = {
			isa = PBXResourcesBuildPhase;
			buildActionMask = 2147483647;
			files = (
				A961B08D1C89BDCC004D212F /* upload-archive.sh in Resources */,
				A9B27F0523BE9FF1002F7DBD /* Images.xcassets in Resources */,
				A9B27F0323BE9FF1002F7DBD /* HockeySDK.strings in Resources */,
				A969D9222354974200F0D3C8 /* BITCrashReportUI.xib in Resources */,
				A9A57AA41E58DCC500AE61D8 /* upload-archive-cl.sh in Resources */,
			);
			runOnlyForDeploymentPostprocessing = 0;
		};
/* End PBXResourcesBuildPhase section */

/* Begin PBXSourcesBuildPhase section */
		A9FCA9071C68CF530012D025 /* Sources */ = {
			isa = PBXSourcesBuildPhase;
			buildActionMask = 2147483647;
			files = (
				A969D9232354974200F0D3C8 /* BITHockeyAttachment.m in Sources */,
				A969D9252354974200F0D3C8 /* BITCrashManager.m in Sources */,
				A969D9302354974200F0D3C8 /* BITSDKColoredView.m in Sources */,
				A921E38A2374F6B5009C6B7E /* BITSystemProfile.m in Sources */,
				A91E85491E883EAE00C88210 /* BugsplatAttachment.m in Sources */,
				A969D9152354974200F0D3C8 /* HockeySDKPrivate.m in Sources */,
				A969D9292354974200F0D3C8 /* BITCrashExceptionApplication.m in Sources */,
				A969D8E22354972E00F0D3C8 /* BITHockeyManager.m in Sources */,
				A969D92F2354974200F0D3C8 /* BITHockeyHelper.m in Sources */,
				A969D9262354974200F0D3C8 /* BITCrashMetaData.m in Sources */,
				A9FCA9221C68D4BA0012D025 /* BugsplatStartupManager.m in Sources */,
				A969D92D2354974200F0D3C8 /* BITSDKTextView.m in Sources */,
				A969D91C2354974200F0D3C8 /* BITCrashDetails.m in Sources */,
				A969D9172354974200F0D3C8 /* BITCrashReportTextFormatter.m in Sources */,
				A969D92C2354974200F0D3C8 /* BITHockeyBaseManager.m in Sources */,
				A969D91D2354974200F0D3C8 /* BITCrashCXXExceptionHandler.mm in Sources */,
				A969D9322354974200F0D3C8 /* BITSDKTextFieldCell.m in Sources */,
				A969D9372354974200F0D3C8 /* BITKeychainItem.m in Sources */,
				A969D9402354974200F0D3C8 /* BITHockeyAppClient.m in Sources */,
				A969D93F2354974200F0D3C8 /* BITHockeyLogger.m in Sources */,
				A969D9182354974200F0D3C8 /* BITCrashReportUI.m in Sources */,
			);
			runOnlyForDeploymentPostprocessing = 0;
		};
/* End PBXSourcesBuildPhase section */

/* Begin PBXVariantGroup section */
		A9B27EF723BE9FF1002F7DBD /* HockeySDK.strings */ = {
			isa = PBXVariantGroup;
			children = (
				A9B27EF823BE9FF1002F7DBD /* de */,
				A9B27EF923BE9FF1002F7DBD /* ja */,
				A9B27EFA23BE9FF1002F7DBD /* en */,
				A9B27EFB23BE9FF1002F7DBD /* nb */,
				A9B27EFC23BE9FF1002F7DBD /* it */,
				A9B27EFE23BE9FF1002F7DBD /* sv */,
				A9B27F0023BE9FF1002F7DBD /* fr */,
				A9B27F0123BE9FF1002F7DBD /* fi */,
			);
			name = HockeySDK.strings;
			sourceTree = "<group>";
		};
/* End PBXVariantGroup section */

/* Begin XCBuildConfiguration section */
		A9FCA9121C68CF530012D025 /* Debug */ = {
			isa = XCBuildConfiguration;
			baseConfigurationReference = A9B27EF423BE9CD3002F7DBD /* buildnumber.xcconfig */;
			buildSettings = {
				ALWAYS_SEARCH_USER_PATHS = NO;
				CLANG_ANALYZER_LOCALIZABILITY_NONLOCALIZED = YES;
				CLANG_CXX_LANGUAGE_STANDARD = "gnu++0x";
				CLANG_CXX_LIBRARY = "libc++";
				CLANG_ENABLE_MODULES = YES;
				CLANG_ENABLE_OBJC_ARC = YES;
				CLANG_WARN_BLOCK_CAPTURE_AUTORELEASING = YES;
				CLANG_WARN_BOOL_CONVERSION = YES;
				CLANG_WARN_COMMA = YES;
				CLANG_WARN_CONSTANT_CONVERSION = YES;
				CLANG_WARN_DEPRECATED_OBJC_IMPLEMENTATIONS = YES;
				CLANG_WARN_DIRECT_OBJC_ISA_USAGE = YES_ERROR;
				CLANG_WARN_EMPTY_BODY = YES;
				CLANG_WARN_ENUM_CONVERSION = YES;
				CLANG_WARN_INFINITE_RECURSION = YES;
				CLANG_WARN_INT_CONVERSION = YES;
				CLANG_WARN_NON_LITERAL_NULL_CONVERSION = YES;
				CLANG_WARN_OBJC_IMPLICIT_RETAIN_SELF = YES;
				CLANG_WARN_OBJC_LITERAL_CONVERSION = YES;
				CLANG_WARN_OBJC_ROOT_CLASS = YES_ERROR;
				CLANG_WARN_QUOTED_INCLUDE_IN_FRAMEWORK_HEADER = YES;
				CLANG_WARN_RANGE_LOOP_ANALYSIS = YES;
				CLANG_WARN_STRICT_PROTOTYPES = YES;
				CLANG_WARN_SUSPICIOUS_MOVE = YES;
				CLANG_WARN_UNREACHABLE_CODE = YES;
				CLANG_WARN__DUPLICATE_METHOD_MATCH = YES;
				CODE_SIGN_IDENTITY = "-";
				COPY_PHASE_STRIP = NO;
				CURRENT_PROJECT_VERSION = 1;
				DEBUG_INFORMATION_FORMAT = dwarf;
				DEFINES_MODULE = YES;
				ENABLE_HARDENED_RUNTIME = YES;
				ENABLE_STRICT_OBJC_MSGSEND = YES;
				ENABLE_TESTABILITY = YES;
				GCC_C_LANGUAGE_STANDARD = gnu99;
				GCC_DYNAMIC_NO_PIC = NO;
				GCC_NO_COMMON_BLOCKS = YES;
				GCC_OPTIMIZATION_LEVEL = 0;
				GCC_PREPROCESSOR_DEFINITIONS = (
					"DEBUG=1",
					"$(inherited)",
				);
				GCC_WARN_64_TO_32_BIT_CONVERSION = YES;
				GCC_WARN_ABOUT_RETURN_TYPE = YES_ERROR;
				GCC_WARN_UNDECLARED_SELECTOR = YES;
				GCC_WARN_UNINITIALIZED_AUTOS = YES_AGGRESSIVE;
				GCC_WARN_UNUSED_FUNCTION = YES;
				GCC_WARN_UNUSED_VARIABLE = YES;
				MACOSX_DEPLOYMENT_TARGET = 10.13;
				MTL_ENABLE_DEBUG_INFO = YES;
				ONLY_ACTIVE_ARCH = YES;
				SDKROOT = macosx;
				VERSIONING_SYSTEM = "apple-generic";
				VERSION_INFO_PREFIX = "";
			};
			name = Debug;
		};
		A9FCA9131C68CF530012D025 /* Release */ = {
			isa = XCBuildConfiguration;
			baseConfigurationReference = A9B27EF423BE9CD3002F7DBD /* buildnumber.xcconfig */;
			buildSettings = {
				ALWAYS_SEARCH_USER_PATHS = NO;
				CLANG_ANALYZER_LOCALIZABILITY_NONLOCALIZED = YES;
				CLANG_CXX_LANGUAGE_STANDARD = "gnu++0x";
				CLANG_CXX_LIBRARY = "libc++";
				CLANG_ENABLE_MODULES = YES;
				CLANG_ENABLE_OBJC_ARC = YES;
				CLANG_WARN_BLOCK_CAPTURE_AUTORELEASING = YES;
				CLANG_WARN_BOOL_CONVERSION = YES;
				CLANG_WARN_COMMA = YES;
				CLANG_WARN_CONSTANT_CONVERSION = YES;
				CLANG_WARN_DEPRECATED_OBJC_IMPLEMENTATIONS = YES;
				CLANG_WARN_DIRECT_OBJC_ISA_USAGE = YES_ERROR;
				CLANG_WARN_EMPTY_BODY = YES;
				CLANG_WARN_ENUM_CONVERSION = YES;
				CLANG_WARN_INFINITE_RECURSION = YES;
				CLANG_WARN_INT_CONVERSION = YES;
				CLANG_WARN_NON_LITERAL_NULL_CONVERSION = YES;
				CLANG_WARN_OBJC_IMPLICIT_RETAIN_SELF = YES;
				CLANG_WARN_OBJC_LITERAL_CONVERSION = YES;
				CLANG_WARN_OBJC_ROOT_CLASS = YES_ERROR;
				CLANG_WARN_QUOTED_INCLUDE_IN_FRAMEWORK_HEADER = YES;
				CLANG_WARN_RANGE_LOOP_ANALYSIS = YES;
				CLANG_WARN_STRICT_PROTOTYPES = YES;
				CLANG_WARN_SUSPICIOUS_MOVE = YES;
				CLANG_WARN_UNREACHABLE_CODE = YES;
				CLANG_WARN__DUPLICATE_METHOD_MATCH = YES;
				CODE_SIGN_IDENTITY = "-";
				COPY_PHASE_STRIP = NO;
				CURRENT_PROJECT_VERSION = 1;
				DEBUG_INFORMATION_FORMAT = "dwarf-with-dsym";
				DEFINES_MODULE = YES;
				ENABLE_HARDENED_RUNTIME = YES;
				ENABLE_NS_ASSERTIONS = NO;
				ENABLE_STRICT_OBJC_MSGSEND = YES;
				GCC_C_LANGUAGE_STANDARD = gnu99;
				GCC_NO_COMMON_BLOCKS = YES;
				GCC_WARN_64_TO_32_BIT_CONVERSION = YES;
				GCC_WARN_ABOUT_RETURN_TYPE = YES_ERROR;
				GCC_WARN_UNDECLARED_SELECTOR = YES;
				GCC_WARN_UNINITIALIZED_AUTOS = YES_AGGRESSIVE;
				GCC_WARN_UNUSED_FUNCTION = YES;
				GCC_WARN_UNUSED_VARIABLE = YES;
				MACOSX_DEPLOYMENT_TARGET = 10.13;
				MTL_ENABLE_DEBUG_INFO = NO;
				SDKROOT = macosx;
				VERSIONING_SYSTEM = "apple-generic";
				VERSION_INFO_PREFIX = "";
			};
			name = Release;
		};
		A9FCA9151C68CF530012D025 /* Debug */ = {
			isa = XCBuildConfiguration;
			buildSettings = {
				CODE_SIGN_IDENTITY = "";
				COMBINE_HIDPI_IMAGES = YES;
				CURRENT_PROJECT_VERSION = "${BUILD_NUMBER}";
				DEFINES_MODULE = YES;
				DYLIB_COMPATIBILITY_VERSION = 1;
				DYLIB_CURRENT_VERSION = 1;
				DYLIB_INSTALL_NAME_BASE = "@rpath";
				FRAMEWORK_SEARCH_PATHS = (
					"$(inherited)",
					"$(PROJECT_DIR)/BugsplatMac/Vendor/PLCrashReporter",
				);
				FRAMEWORK_VERSION = A;
				INFOPLIST_FILE = Supporting/Info.plist;
				INSTALL_PATH = "$(LOCAL_LIBRARY_DIR)/Frameworks";
				LD_RUNPATH_SEARCH_PATHS = "$(inherited) @executable_path/../Frameworks @loader_path/Frameworks";
				LIBRARY_SEARCH_PATHS = (
					"$(inherited)",
					"$(PROJECT_DIR)/BugsplatMac/Vendor/PLCrashReporter",
				);
				MACOSX_DEPLOYMENT_TARGET = 10.13;
				MARKETING_VERSION = 1.1.1;
				PRODUCT_BUNDLE_IDENTIFIER = com.bugsplat.BugsplatMac;
				PRODUCT_NAME = BugsplatMac;
				SKIP_INSTALL = NO;
			};
			name = Debug;
		};
		A9FCA9161C68CF530012D025 /* Release */ = {
			isa = XCBuildConfiguration;
			buildSettings = {
				CODE_SIGN_IDENTITY = "";
				COMBINE_HIDPI_IMAGES = YES;
				CURRENT_PROJECT_VERSION = "${BUILD_NUMBER}";
				DEFINES_MODULE = YES;
				DYLIB_COMPATIBILITY_VERSION = 1;
				DYLIB_CURRENT_VERSION = 1;
				DYLIB_INSTALL_NAME_BASE = "@rpath";
				FRAMEWORK_SEARCH_PATHS = (
					"$(inherited)",
					"$(PROJECT_DIR)/BugsplatMac/Vendor/PLCrashReporter",
				);
				FRAMEWORK_VERSION = A;
				INFOPLIST_FILE = Supporting/Info.plist;
				INSTALL_PATH = "$(LOCAL_LIBRARY_DIR)/Frameworks";
				LD_RUNPATH_SEARCH_PATHS = "$(inherited) @executable_path/../Frameworks @loader_path/Frameworks";
				LIBRARY_SEARCH_PATHS = (
					"$(inherited)",
					"$(PROJECT_DIR)/BugsplatMac/Vendor/PLCrashReporter",
				);
				MACOSX_DEPLOYMENT_TARGET = 10.13;
				MARKETING_VERSION = 1.1.1;
				PRODUCT_BUNDLE_IDENTIFIER = com.bugsplat.BugsplatMac;
				PRODUCT_NAME = BugsplatMac;
				SKIP_INSTALL = NO;
			};
			name = Release;
		};
/* End XCBuildConfiguration section */

/* Begin XCConfigurationList section */
		A9FCA9061C68CF530012D025 /* Build configuration list for PBXProject "BugsplatMac" */ = {
			isa = XCConfigurationList;
			buildConfigurations = (
				A9FCA9121C68CF530012D025 /* Debug */,
				A9FCA9131C68CF530012D025 /* Release */,
			);
			defaultConfigurationIsVisible = 0;
			defaultConfigurationName = Release;
		};
		A9FCA9141C68CF530012D025 /* Build configuration list for PBXNativeTarget "BugsplatMac" */ = {
			isa = XCConfigurationList;
			buildConfigurations = (
				A9FCA9151C68CF530012D025 /* Debug */,
				A9FCA9161C68CF530012D025 /* Release */,
			);
			defaultConfigurationIsVisible = 0;
			defaultConfigurationName = Release;
		};
/* End XCConfigurationList section */
	};
	rootObject = A9FCA9031C68CF530012D025 /* Project object */;
}
